// !$*UTF8*$!
{
	archiveVersion = 1;
	classes = {
	};
	objectVersion = 55;
	objects = {

/* Begin PBXBuildFile section */
		660B76DD2C04DA2400BAC19F /* ContentViewModel.swift in Sources */ = {isa = PBXBuildFile; fileRef = 660B76DC2C04DA2400BAC19F /* ContentViewModel.swift */; };
		660B76E02C04E8EB00BAC19F /* GrainsListView.swift in Sources */ = {isa = PBXBuildFile; fileRef = 660B76DF2C04E8EB00BAC19F /* GrainsListView.swift */; };
		660B76E22C04EC0F00BAC19F /* HopsListView.swift in Sources */ = {isa = PBXBuildFile; fileRef = 660B76E12C04EC0F00BAC19F /* HopsListView.swift */; };
		660B76E42C04FD4C00BAC19F /* YeastsListView.swift in Sources */ = {isa = PBXBuildFile; fileRef = 660B76E32C04FD4C00BAC19F /* YeastsListView.swift */; };
		660B76E72C04FE6700BAC19F /* GrainDetailView.swift in Sources */ = {isa = PBXBuildFile; fileRef = 660B76E62C04FE6700BAC19F /* GrainDetailView.swift */; };
		660B76E92C05019F00BAC19F /* HopDetailView.swift in Sources */ = {isa = PBXBuildFile; fileRef = 660B76E82C05019F00BAC19F /* HopDetailView.swift */; };
		660B76EB2C0502B600BAC19F /* YeastDetailView.swift in Sources */ = {isa = PBXBuildFile; fileRef = 660B76EA2C0502B600BAC19F /* YeastDetailView.swift */; };
		660B76ED2C0504E700BAC19F /* RecipeBuilderView.swift in Sources */ = {isa = PBXBuildFile; fileRef = 660B76EC2C0504E700BAC19F /* RecipeBuilderView.swift */; };
		660B76F02C05059000BAC19F /* AddGrainsView.swift in Sources */ = {isa = PBXBuildFile; fileRef = 660B76EF2C05059000BAC19F /* AddGrainsView.swift */; };
		660B76F22C0505A600BAC19F /* AddHopsView.swift in Sources */ = {isa = PBXBuildFile; fileRef = 660B76F12C0505A600BAC19F /* AddHopsView.swift */; };
		660B76F42C0505B700BAC19F /* AddYeastView.swift in Sources */ = {isa = PBXBuildFile; fileRef = 660B76F32C0505B700BAC19F /* AddYeastView.swift */; };
		662DB0102C064EF90089D80C /* BeerStyleListView.swift in Sources */ = {isa = PBXBuildFile; fileRef = 662DB00F2C064EF90089D80C /* BeerStyleListView.swift */; };
		662DB0122C0651B60089D80C /* BeerStyleDetailView.swift in Sources */ = {isa = PBXBuildFile; fileRef = 662DB0112C0651B60089D80C /* BeerStyleDetailView.swift */; };
		662DB0142C067A980089D80C /* SettingsViewModel.swift in Sources */ = {isa = PBXBuildFile; fileRef = 662DB0132C067A980089D80C /* SettingsViewModel.swift */; };
		662DB0162C067AD90089D80C /* User.swift in Sources */ = {isa = PBXBuildFile; fileRef = 662DB0152C067AD90089D80C /* User.swift */; };
		662DB0182C08BE150089D80C /* SessionManager.swift in Sources */ = {isa = PBXBuildFile; fileRef = 662DB0172C08BE150089D80C /* SessionManager.swift */; };
		662DB01A2C08D40F0089D80C /* AppSettings.swift in Sources */ = {isa = PBXBuildFile; fileRef = 662DB0192C08D40F0089D80C /* AppSettings.swift */; };
		662DB01C2C08D4E80089D80C /* AppSettingsStore.swift in Sources */ = {isa = PBXBuildFile; fileRef = 662DB01B2C08D4E80089D80C /* AppSettingsStore.swift */; };
		662DB01F2C091B520089D80C /* RecipeColorView.swift in Sources */ = {isa = PBXBuildFile; fileRef = 662DB01E2C091B520089D80C /* RecipeColorView.swift */; };
		662DB0212C091C610089D80C /* RecipeBitternessView.swift in Sources */ = {isa = PBXBuildFile; fileRef = 662DB0202C091C610089D80C /* RecipeBitternessView.swift */; };
		662DB0232C091CF90089D80C /* RecipeOriginalGravityView.swift in Sources */ = {isa = PBXBuildFile; fileRef = 662DB0222C091CF90089D80C /* RecipeOriginalGravityView.swift */; };
		662DB0252C091D370089D80C /* RecipeFinalGravityView.swift in Sources */ = {isa = PBXBuildFile; fileRef = 662DB0242C091D370089D80C /* RecipeFinalGravityView.swift */; };
		662DB02B2C1382FF0089D80C /* MaltExtract.swift in Sources */ = {isa = PBXBuildFile; fileRef = 662DB02A2C1382FF0089D80C /* MaltExtract.swift */; };
		662DB02D2C138A590089D80C /* SpecificGravityExtractRecipeTests.swift in Sources */ = {isa = PBXBuildFile; fileRef = 662DB02C2C138A590089D80C /* SpecificGravityExtractRecipeTests.swift */; };
		662DB0312C138C0D0089D80C /* ColorExtractTest.swift in Sources */ = {isa = PBXBuildFile; fileRef = 662DB0302C138C0D0089D80C /* ColorExtractTest.swift */; };
		662DB0332C138C370089D80C /* AbvExtractTest.swift in Sources */ = {isa = PBXBuildFile; fileRef = 662DB0322C138C370089D80C /* AbvExtractTest.swift */; };
		662DB0352C138C530089D80C /* BitternessExtractTest.swift in Sources */ = {isa = PBXBuildFile; fileRef = 662DB0342C138C530089D80C /* BitternessExtractTest.swift */; };
		669EF98F2BEAB1930071D6F8 /* craftbrew_designer_swiftuiApp.swift in Sources */ = {isa = PBXBuildFile; fileRef = 669EF98E2BEAB1930071D6F8 /* craftbrew_designer_swiftuiApp.swift */; };
		669EF9912BEAB1930071D6F8 /* ContentView.swift in Sources */ = {isa = PBXBuildFile; fileRef = 669EF9902BEAB1930071D6F8 /* ContentView.swift */; };
		669EF9932BEAB19D0071D6F8 /* Assets.xcassets in Resources */ = {isa = PBXBuildFile; fileRef = 669EF9922BEAB19D0071D6F8 /* Assets.xcassets */; };
		669EF9962BEAB19D0071D6F8 /* Preview Assets.xcassets in Resources */ = {isa = PBXBuildFile; fileRef = 669EF9952BEAB19D0071D6F8 /* Preview Assets.xcassets */; };
		669EF9A02BEAB19E0071D6F8 /* SpecificGravityTests.swift in Sources */ = {isa = PBXBuildFile; fileRef = 669EF99F2BEAB19E0071D6F8 /* SpecificGravityTests.swift */; };
		669EF9AA2BEAB19E0071D6F8 /* craftbrew_designer_swiftuiUITests.swift in Sources */ = {isa = PBXBuildFile; fileRef = 669EF9A92BEAB19E0071D6F8 /* craftbrew_designer_swiftuiUITests.swift */; };
		669EF9AC2BEAB19E0071D6F8 /* craftbrew_designer_swiftuiUITestsLaunchTests.swift in Sources */ = {isa = PBXBuildFile; fileRef = 669EF9AB2BEAB19E0071D6F8 /* craftbrew_designer_swiftuiUITestsLaunchTests.swift */; };
		669EF9B92BEABBC80071D6F8 /* DesignView.swift in Sources */ = {isa = PBXBuildFile; fileRef = 669EF9B82BEABBC80071D6F8 /* DesignView.swift */; };
		669EF9BB2BECF2C40071D6F8 /* SpecificGravity.swift in Sources */ = {isa = PBXBuildFile; fileRef = 669EF9BA2BECF2C40071D6F8 /* SpecificGravity.swift */; };
		669EF9BE2BECF9B20071D6F8 /* Color.swift in Sources */ = {isa = PBXBuildFile; fileRef = 669EF9BD2BECF9B20071D6F8 /* Color.swift */; };
		669EF9C22BECFA2F0071D6F8 /* Abv.swift in Sources */ = {isa = PBXBuildFile; fileRef = 669EF9C12BECFA2F0071D6F8 /* Abv.swift */; };
		669EF9C92BED06010071D6F8 /* Bitterness.swift in Sources */ = {isa = PBXBuildFile; fileRef = 669EF9C82BED06010071D6F8 /* Bitterness.swift */; };
		669EF9CB2BED07900071D6F8 /* Fixtures.swift in Sources */ = {isa = PBXBuildFile; fileRef = 669EF9CA2BED07900071D6F8 /* Fixtures.swift */; };
		669EF9CD2BED07E20071D6F8 /* ColorTests.swift in Sources */ = {isa = PBXBuildFile; fileRef = 669EF9CC2BED07E20071D6F8 /* ColorTests.swift */; };
		669EF9D02BED08540071D6F8 /* AbvTests.swift in Sources */ = {isa = PBXBuildFile; fileRef = 669EF9CF2BED08540071D6F8 /* AbvTests.swift */; };
		669EF9D22BED08AD0071D6F8 /* BitternessTests.swift in Sources */ = {isa = PBXBuildFile; fileRef = 669EF9D12BED08AD0071D6F8 /* BitternessTests.swift */; };
		669EF9D62BED11150071D6F8 /* BuildFromStyle.swift in Sources */ = {isa = PBXBuildFile; fileRef = 669EF9D52BED11150071D6F8 /* BuildFromStyle.swift */; };
		669EF9D92BED157A0071D6F8 /* DesignHomeView.swift in Sources */ = {isa = PBXBuildFile; fileRef = 669EF9D82BED157A0071D6F8 /* DesignHomeView.swift */; };
		669EF9DB2BED1EC10071D6F8 /* BuildFromRecipe.swift in Sources */ = {isa = PBXBuildFile; fileRef = 669EF9DA2BED1EC10071D6F8 /* BuildFromRecipe.swift */; };
		669EF9DF2BED1F5E0071D6F8 /* RecipesView.swift in Sources */ = {isa = PBXBuildFile; fileRef = 669EF9DE2BED1F5E0071D6F8 /* RecipesView.swift */; };
		669EF9E22BED1F880071D6F8 /* ExploreView.swift in Sources */ = {isa = PBXBuildFile; fileRef = 669EF9E12BED1F880071D6F8 /* ExploreView.swift */; };
		669EF9E52BED1FAD0071D6F8 /* SettingsView.swift in Sources */ = {isa = PBXBuildFile; fileRef = 669EF9E42BED1FAD0071D6F8 /* SettingsView.swift */; };
		669EF9E82BED563C0071D6F8 /* Grain.swift in Sources */ = {isa = PBXBuildFile; fileRef = 669EF9E72BED563C0071D6F8 /* Grain.swift */; };
		669EF9EA2BED56570071D6F8 /* Hop.swift in Sources */ = {isa = PBXBuildFile; fileRef = 669EF9E92BED56570071D6F8 /* Hop.swift */; };
		669EF9EC2BED567B0071D6F8 /* Yeast.swift in Sources */ = {isa = PBXBuildFile; fileRef = 669EF9EB2BED567B0071D6F8 /* Yeast.swift */; };
		669EF9EE2BED56950071D6F8 /* Recipe.swift in Sources */ = {isa = PBXBuildFile; fileRef = 669EF9ED2BED56950071D6F8 /* Recipe.swift */; };
		669EF9F62BED75710071D6F8 /* BeerStyle.swift in Sources */ = {isa = PBXBuildFile; fileRef = 669EF9F52BED75710071D6F8 /* BeerStyle.swift */; };
/* End PBXBuildFile section */

/* Begin PBXContainerItemProxy section */
		669EF99C2BEAB19E0071D6F8 /* PBXContainerItemProxy */ = {
			isa = PBXContainerItemProxy;
			containerPortal = 669EF9832BEAB1920071D6F8 /* Project object */;
			proxyType = 1;
			remoteGlobalIDString = 669EF98A2BEAB1930071D6F8;
			remoteInfo = "craftbrew-designer-swiftui";
		};
		669EF9A62BEAB19E0071D6F8 /* PBXContainerItemProxy */ = {
			isa = PBXContainerItemProxy;
			containerPortal = 669EF9832BEAB1920071D6F8 /* Project object */;
			proxyType = 1;
			remoteGlobalIDString = 669EF98A2BEAB1930071D6F8;
			remoteInfo = "craftbrew-designer-swiftui";
		};
/* End PBXContainerItemProxy section */

/* Begin PBXFileReference section */
		660B76DC2C04DA2400BAC19F /* ContentViewModel.swift */ = {isa = PBXFileReference; lastKnownFileType = sourcecode.swift; path = ContentViewModel.swift; sourceTree = "<group>"; };
		660B76DF2C04E8EB00BAC19F /* GrainsListView.swift */ = {isa = PBXFileReference; lastKnownFileType = sourcecode.swift; path = GrainsListView.swift; sourceTree = "<group>"; };
		660B76E12C04EC0F00BAC19F /* HopsListView.swift */ = {isa = PBXFileReference; lastKnownFileType = sourcecode.swift; path = HopsListView.swift; sourceTree = "<group>"; };
		660B76E32C04FD4C00BAC19F /* YeastsListView.swift */ = {isa = PBXFileReference; lastKnownFileType = sourcecode.swift; path = YeastsListView.swift; sourceTree = "<group>"; };
		660B76E62C04FE6700BAC19F /* GrainDetailView.swift */ = {isa = PBXFileReference; lastKnownFileType = sourcecode.swift; path = GrainDetailView.swift; sourceTree = "<group>"; };
		660B76E82C05019F00BAC19F /* HopDetailView.swift */ = {isa = PBXFileReference; lastKnownFileType = sourcecode.swift; path = HopDetailView.swift; sourceTree = "<group>"; };
		660B76EA2C0502B600BAC19F /* YeastDetailView.swift */ = {isa = PBXFileReference; lastKnownFileType = sourcecode.swift; path = YeastDetailView.swift; sourceTree = "<group>"; };
		660B76EC2C0504E700BAC19F /* RecipeBuilderView.swift */ = {isa = PBXFileReference; lastKnownFileType = sourcecode.swift; path = RecipeBuilderView.swift; sourceTree = "<group>"; };
		660B76EF2C05059000BAC19F /* AddGrainsView.swift */ = {isa = PBXFileReference; lastKnownFileType = sourcecode.swift; path = AddGrainsView.swift; sourceTree = "<group>"; };
		660B76F12C0505A600BAC19F /* AddHopsView.swift */ = {isa = PBXFileReference; lastKnownFileType = sourcecode.swift; path = AddHopsView.swift; sourceTree = "<group>"; };
		660B76F32C0505B700BAC19F /* AddYeastView.swift */ = {isa = PBXFileReference; lastKnownFileType = sourcecode.swift; path = AddYeastView.swift; sourceTree = "<group>"; };
		662DB00F2C064EF90089D80C /* BeerStyleListView.swift */ = {isa = PBXFileReference; lastKnownFileType = sourcecode.swift; path = BeerStyleListView.swift; sourceTree = "<group>"; };
		662DB0112C0651B60089D80C /* BeerStyleDetailView.swift */ = {isa = PBXFileReference; lastKnownFileType = sourcecode.swift; path = BeerStyleDetailView.swift; sourceTree = "<group>"; };
		662DB0132C067A980089D80C /* SettingsViewModel.swift */ = {isa = PBXFileReference; lastKnownFileType = sourcecode.swift; path = SettingsViewModel.swift; sourceTree = "<group>"; };
		662DB0152C067AD90089D80C /* User.swift */ = {isa = PBXFileReference; lastKnownFileType = sourcecode.swift; path = User.swift; sourceTree = "<group>"; };
		662DB0172C08BE150089D80C /* SessionManager.swift */ = {isa = PBXFileReference; lastKnownFileType = sourcecode.swift; path = SessionManager.swift; sourceTree = "<group>"; };
		662DB0192C08D40F0089D80C /* AppSettings.swift */ = {isa = PBXFileReference; lastKnownFileType = sourcecode.swift; path = AppSettings.swift; sourceTree = "<group>"; };
		662DB01B2C08D4E80089D80C /* AppSettingsStore.swift */ = {isa = PBXFileReference; lastKnownFileType = sourcecode.swift; path = AppSettingsStore.swift; sourceTree = "<group>"; };
		662DB01E2C091B520089D80C /* RecipeColorView.swift */ = {isa = PBXFileReference; lastKnownFileType = sourcecode.swift; path = RecipeColorView.swift; sourceTree = "<group>"; };
		662DB0202C091C610089D80C /* RecipeBitternessView.swift */ = {isa = PBXFileReference; lastKnownFileType = sourcecode.swift; path = RecipeBitternessView.swift; sourceTree = "<group>"; };
		662DB0222C091CF90089D80C /* RecipeOriginalGravityView.swift */ = {isa = PBXFileReference; lastKnownFileType = sourcecode.swift; path = RecipeOriginalGravityView.swift; sourceTree = "<group>"; };
		662DB0242C091D370089D80C /* RecipeFinalGravityView.swift */ = {isa = PBXFileReference; lastKnownFileType = sourcecode.swift; path = RecipeFinalGravityView.swift; sourceTree = "<group>"; };
		662DB02A2C1382FF0089D80C /* MaltExtract.swift */ = {isa = PBXFileReference; lastKnownFileType = sourcecode.swift; path = MaltExtract.swift; sourceTree = "<group>"; };
		662DB02C2C138A590089D80C /* SpecificGravityExtractRecipeTests.swift */ = {isa = PBXFileReference; lastKnownFileType = sourcecode.swift; path = SpecificGravityExtractRecipeTests.swift; sourceTree = "<group>"; };
		662DB0302C138C0D0089D80C /* ColorExtractTest.swift */ = {isa = PBXFileReference; lastKnownFileType = sourcecode.swift; path = ColorExtractTest.swift; sourceTree = "<group>"; };
		662DB0322C138C370089D80C /* AbvExtractTest.swift */ = {isa = PBXFileReference; lastKnownFileType = sourcecode.swift; path = AbvExtractTest.swift; sourceTree = "<group>"; };
		662DB0342C138C530089D80C /* BitternessExtractTest.swift */ = {isa = PBXFileReference; lastKnownFileType = sourcecode.swift; path = BitternessExtractTest.swift; sourceTree = "<group>"; };
		669EF98B2BEAB1930071D6F8 /* craftbrew-designer-swiftui.app */ = {isa = PBXFileReference; explicitFileType = wrapper.application; includeInIndex = 0; path = "craftbrew-designer-swiftui.app"; sourceTree = BUILT_PRODUCTS_DIR; };
		669EF98E2BEAB1930071D6F8 /* craftbrew_designer_swiftuiApp.swift */ = {isa = PBXFileReference; lastKnownFileType = sourcecode.swift; path = craftbrew_designer_swiftuiApp.swift; sourceTree = "<group>"; };
		669EF9902BEAB1930071D6F8 /* ContentView.swift */ = {isa = PBXFileReference; lastKnownFileType = sourcecode.swift; path = ContentView.swift; sourceTree = "<group>"; };
		669EF9922BEAB19D0071D6F8 /* Assets.xcassets */ = {isa = PBXFileReference; lastKnownFileType = folder.assetcatalog; path = Assets.xcassets; sourceTree = "<group>"; };
		669EF9952BEAB19D0071D6F8 /* Preview Assets.xcassets */ = {isa = PBXFileReference; lastKnownFileType = folder.assetcatalog; path = "Preview Assets.xcassets"; sourceTree = "<group>"; };
		669EF99B2BEAB19E0071D6F8 /* craftbrew-designer-swiftuiTests.xctest */ = {isa = PBXFileReference; explicitFileType = wrapper.cfbundle; includeInIndex = 0; path = "craftbrew-designer-swiftuiTests.xctest"; sourceTree = BUILT_PRODUCTS_DIR; };
		669EF99F2BEAB19E0071D6F8 /* SpecificGravityTests.swift */ = {isa = PBXFileReference; lastKnownFileType = sourcecode.swift; path = SpecificGravityTests.swift; sourceTree = "<group>"; };
		669EF9A52BEAB19E0071D6F8 /* craftbrew-designer-swiftuiUITests.xctest */ = {isa = PBXFileReference; explicitFileType = wrapper.cfbundle; includeInIndex = 0; path = "craftbrew-designer-swiftuiUITests.xctest"; sourceTree = BUILT_PRODUCTS_DIR; };
		669EF9A92BEAB19E0071D6F8 /* craftbrew_designer_swiftuiUITests.swift */ = {isa = PBXFileReference; lastKnownFileType = sourcecode.swift; path = craftbrew_designer_swiftuiUITests.swift; sourceTree = "<group>"; };
		669EF9AB2BEAB19E0071D6F8 /* craftbrew_designer_swiftuiUITestsLaunchTests.swift */ = {isa = PBXFileReference; lastKnownFileType = sourcecode.swift; path = craftbrew_designer_swiftuiUITestsLaunchTests.swift; sourceTree = "<group>"; };
		669EF9B82BEABBC80071D6F8 /* DesignView.swift */ = {isa = PBXFileReference; lastKnownFileType = sourcecode.swift; path = DesignView.swift; sourceTree = "<group>"; };
		669EF9BA2BECF2C40071D6F8 /* SpecificGravity.swift */ = {isa = PBXFileReference; lastKnownFileType = sourcecode.swift; path = SpecificGravity.swift; sourceTree = "<group>"; };
		669EF9BD2BECF9B20071D6F8 /* Color.swift */ = {isa = PBXFileReference; lastKnownFileType = sourcecode.swift; path = Color.swift; sourceTree = "<group>"; };
		669EF9C12BECFA2F0071D6F8 /* Abv.swift */ = {isa = PBXFileReference; lastKnownFileType = sourcecode.swift; path = Abv.swift; sourceTree = "<group>"; };
		669EF9C82BED06010071D6F8 /* Bitterness.swift */ = {isa = PBXFileReference; lastKnownFileType = sourcecode.swift; path = Bitterness.swift; sourceTree = "<group>"; };
		669EF9CA2BED07900071D6F8 /* Fixtures.swift */ = {isa = PBXFileReference; lastKnownFileType = sourcecode.swift; path = Fixtures.swift; sourceTree = "<group>"; };
		669EF9CC2BED07E20071D6F8 /* ColorTests.swift */ = {isa = PBXFileReference; lastKnownFileType = sourcecode.swift; path = ColorTests.swift; sourceTree = "<group>"; };
		669EF9CF2BED08540071D6F8 /* AbvTests.swift */ = {isa = PBXFileReference; lastKnownFileType = sourcecode.swift; path = AbvTests.swift; sourceTree = "<group>"; };
		669EF9D12BED08AD0071D6F8 /* BitternessTests.swift */ = {isa = PBXFileReference; lastKnownFileType = sourcecode.swift; path = BitternessTests.swift; sourceTree = "<group>"; };
		669EF9D52BED11150071D6F8 /* BuildFromStyle.swift */ = {isa = PBXFileReference; lastKnownFileType = sourcecode.swift; path = BuildFromStyle.swift; sourceTree = "<group>"; };
		669EF9D82BED157A0071D6F8 /* DesignHomeView.swift */ = {isa = PBXFileReference; lastKnownFileType = sourcecode.swift; path = DesignHomeView.swift; sourceTree = "<group>"; };
		669EF9DA2BED1EC10071D6F8 /* BuildFromRecipe.swift */ = {isa = PBXFileReference; lastKnownFileType = sourcecode.swift; path = BuildFromRecipe.swift; sourceTree = "<group>"; };
		669EF9DE2BED1F5E0071D6F8 /* RecipesView.swift */ = {isa = PBXFileReference; lastKnownFileType = sourcecode.swift; path = RecipesView.swift; sourceTree = "<group>"; };
		669EF9E12BED1F880071D6F8 /* ExploreView.swift */ = {isa = PBXFileReference; lastKnownFileType = sourcecode.swift; path = ExploreView.swift; sourceTree = "<group>"; };
		669EF9E42BED1FAD0071D6F8 /* SettingsView.swift */ = {isa = PBXFileReference; lastKnownFileType = sourcecode.swift; path = SettingsView.swift; sourceTree = "<group>"; };
		669EF9E72BED563C0071D6F8 /* Grain.swift */ = {isa = PBXFileReference; lastKnownFileType = sourcecode.swift; path = Grain.swift; sourceTree = "<group>"; };
		669EF9E92BED56570071D6F8 /* Hop.swift */ = {isa = PBXFileReference; lastKnownFileType = sourcecode.swift; path = Hop.swift; sourceTree = "<group>"; };
		669EF9EB2BED567B0071D6F8 /* Yeast.swift */ = {isa = PBXFileReference; lastKnownFileType = sourcecode.swift; path = Yeast.swift; sourceTree = "<group>"; };
		669EF9ED2BED56950071D6F8 /* Recipe.swift */ = {isa = PBXFileReference; lastKnownFileType = sourcecode.swift; path = Recipe.swift; sourceTree = "<group>"; };
		669EF9F12BED62480071D6F8 /* Info.plist */ = {isa = PBXFileReference; lastKnownFileType = text.plist; path = Info.plist; sourceTree = "<group>"; };
		669EF9F52BED75710071D6F8 /* BeerStyle.swift */ = {isa = PBXFileReference; lastKnownFileType = sourcecode.swift; path = BeerStyle.swift; sourceTree = "<group>"; };
		66C829F02BEE65D40047205E /* craftbrew-designer-swiftui.entitlements */ = {isa = PBXFileReference; lastKnownFileType = text.plist.entitlements; path = "craftbrew-designer-swiftui.entitlements"; sourceTree = "<group>"; };
/* End PBXFileReference section */

/* Begin PBXFrameworksBuildPhase section */
		669EF9882BEAB1930071D6F8 /* Frameworks */ = {
			isa = PBXFrameworksBuildPhase;
			buildActionMask = 2147483647;
			files = (
			);
			runOnlyForDeploymentPostprocessing = 0;
		};
		669EF9982BEAB19E0071D6F8 /* Frameworks */ = {
			isa = PBXFrameworksBuildPhase;
			buildActionMask = 2147483647;
			files = (
			);
			runOnlyForDeploymentPostprocessing = 0;
		};
		669EF9A22BEAB19E0071D6F8 /* Frameworks */ = {
			isa = PBXFrameworksBuildPhase;
			buildActionMask = 2147483647;
			files = (
			);
			runOnlyForDeploymentPostprocessing = 0;
		};
/* End PBXFrameworksBuildPhase section */

/* Begin PBXGroup section */
		660B76DE2C04E8DC00BAC19F /* ExploreListViews */ = {
			isa = PBXGroup;
			children = (
				660B76DF2C04E8EB00BAC19F /* GrainsListView.swift */,
				660B76E12C04EC0F00BAC19F /* HopsListView.swift */,
				660B76E32C04FD4C00BAC19F /* YeastsListView.swift */,
				662DB00F2C064EF90089D80C /* BeerStyleListView.swift */,
			);
			path = ExploreListViews;
			sourceTree = "<group>";
		};
		660B76E52C04FE1B00BAC19F /* ExploreDetailViews */ = {
			isa = PBXGroup;
			children = (
				660B76E62C04FE6700BAC19F /* GrainDetailView.swift */,
				660B76E82C05019F00BAC19F /* HopDetailView.swift */,
				660B76EA2C0502B600BAC19F /* YeastDetailView.swift */,
				662DB0112C0651B60089D80C /* BeerStyleDetailView.swift */,
			);
			path = ExploreDetailViews;
			sourceTree = "<group>";
		};
		660B76EE2C05057C00BAC19F /* RecipeBuilder */ = {
			isa = PBXGroup;
			children = (
				662DB01D2C091B340089D80C /* InProgressRecipeStats */,
				660B76EC2C0504E700BAC19F /* RecipeBuilderView.swift */,
				660B76EF2C05059000BAC19F /* AddGrainsView.swift */,
				660B76F12C0505A600BAC19F /* AddHopsView.swift */,
				660B76F32C0505B700BAC19F /* AddYeastView.swift */,
			);
			path = RecipeBuilder;
			sourceTree = "<group>";
		};
		662DB01D2C091B340089D80C /* InProgressRecipeStats */ = {
			isa = PBXGroup;
			children = (
				662DB01E2C091B520089D80C /* RecipeColorView.swift */,
				662DB0202C091C610089D80C /* RecipeBitternessView.swift */,
				662DB0222C091CF90089D80C /* RecipeOriginalGravityView.swift */,
				662DB0242C091D370089D80C /* RecipeFinalGravityView.swift */,
			);
			path = InProgressRecipeStats;
			sourceTree = "<group>";
		};
		662DB02E2C138BCF0089D80C /* AllGrain */ = {
			isa = PBXGroup;
			children = (
				669EF9CC2BED07E20071D6F8 /* ColorTests.swift */,
				669EF99F2BEAB19E0071D6F8 /* SpecificGravityTests.swift */,
				669EF9CF2BED08540071D6F8 /* AbvTests.swift */,
				669EF9D12BED08AD0071D6F8 /* BitternessTests.swift */,
			);
			path = AllGrain;
			sourceTree = "<group>";
		};
		662DB02F2C138BD70089D80C /* Extract */ = {
			isa = PBXGroup;
			children = (
				662DB02C2C138A590089D80C /* SpecificGravityExtractRecipeTests.swift */,
				662DB0302C138C0D0089D80C /* ColorExtractTest.swift */,
				662DB0322C138C370089D80C /* AbvExtractTest.swift */,
				662DB0342C138C530089D80C /* BitternessExtractTest.swift */,
			);
			path = Extract;
			sourceTree = "<group>";
		};
		669EF9822BEAB1920071D6F8 = {
			isa = PBXGroup;
			children = (
				669EF98D2BEAB1930071D6F8 /* craftbrew-designer-swiftui */,
				669EF99E2BEAB19E0071D6F8 /* craftbrew-designer-swiftuiTests */,
				669EF9A82BEAB19E0071D6F8 /* craftbrew-designer-swiftuiUITests */,
				669EF98C2BEAB1930071D6F8 /* Products */,
			);
			sourceTree = "<group>";
		};
		669EF98C2BEAB1930071D6F8 /* Products */ = {
			isa = PBXGroup;
			children = (
				669EF98B2BEAB1930071D6F8 /* craftbrew-designer-swiftui.app */,
				669EF99B2BEAB19E0071D6F8 /* craftbrew-designer-swiftuiTests.xctest */,
				669EF9A52BEAB19E0071D6F8 /* craftbrew-designer-swiftuiUITests.xctest */,
			);
			name = Products;
			sourceTree = "<group>";
		};
		669EF98D2BEAB1930071D6F8 /* craftbrew-designer-swiftui */ = {
			isa = PBXGroup;
			children = (
				66C829F02BEE65D40047205E /* craftbrew-designer-swiftui.entitlements */,
				669EF9F22BED75220071D6F8 /* ViewModel */,
				669EF9F12BED62480071D6F8 /* Info.plist */,
				669EF9E62BED562C0071D6F8 /* Model */,
				669EF9D72BED15510071D6F8 /* View */,
				669EF9BC2BECF98B0071D6F8 /* Calculators */,
				669EF98E2BEAB1930071D6F8 /* craftbrew_designer_swiftuiApp.swift */,
				669EF9902BEAB1930071D6F8 /* ContentView.swift */,
				669EF9922BEAB19D0071D6F8 /* Assets.xcassets */,
				669EF9942BEAB19D0071D6F8 /* Preview Content */,
				662DB0172C08BE150089D80C /* SessionManager.swift */,
			);
			path = "craftbrew-designer-swiftui";
			sourceTree = "<group>";
		};
		669EF9942BEAB19D0071D6F8 /* Preview Content */ = {
			isa = PBXGroup;
			children = (
				669EF9952BEAB19D0071D6F8 /* Preview Assets.xcassets */,
			);
			path = "Preview Content";
			sourceTree = "<group>";
		};
		669EF99E2BEAB19E0071D6F8 /* craftbrew-designer-swiftuiTests */ = {
			isa = PBXGroup;
			children = (
				669EF9CE2BED08360071D6F8 /* Calculators */,
				669EF9CA2BED07900071D6F8 /* Fixtures.swift */,
			);
			path = "craftbrew-designer-swiftuiTests";
			sourceTree = "<group>";
		};
		669EF9A82BEAB19E0071D6F8 /* craftbrew-designer-swiftuiUITests */ = {
			isa = PBXGroup;
			children = (
				669EF9A92BEAB19E0071D6F8 /* craftbrew_designer_swiftuiUITests.swift */,
				669EF9AB2BEAB19E0071D6F8 /* craftbrew_designer_swiftuiUITestsLaunchTests.swift */,
			);
			path = "craftbrew-designer-swiftuiUITests";
			sourceTree = "<group>";
		};
		669EF9BC2BECF98B0071D6F8 /* Calculators */ = {
			isa = PBXGroup;
			children = (
				669EF9BA2BECF2C40071D6F8 /* SpecificGravity.swift */,
				669EF9BD2BECF9B20071D6F8 /* Color.swift */,
				669EF9C12BECFA2F0071D6F8 /* Abv.swift */,
				669EF9C82BED06010071D6F8 /* Bitterness.swift */,
			);
			path = Calculators;
			sourceTree = "<group>";
		};
		669EF9CE2BED08360071D6F8 /* Calculators */ = {
			isa = PBXGroup;
			children = (
				662DB02F2C138BD70089D80C /* Extract */,
				662DB02E2C138BCF0089D80C /* AllGrain */,
			);
			path = Calculators;
			sourceTree = "<group>";
		};
		669EF9D72BED15510071D6F8 /* View */ = {
			isa = PBXGroup;
			children = (
				669EF9E32BED1F9E0071D6F8 /* Settings */,
				669EF9E02BED1F780071D6F8 /* Explore */,
				669EF9DD2BED1F4F0071D6F8 /* Recipes */,
				669EF9DC2BED1F440071D6F8 /* Design */,
			);
			path = View;
			sourceTree = "<group>";
		};
		669EF9DC2BED1F440071D6F8 /* Design */ = {
			isa = PBXGroup;
			children = (
				660B76EE2C05057C00BAC19F /* RecipeBuilder */,
				669EF9B82BEABBC80071D6F8 /* DesignView.swift */,
				669EF9D52BED11150071D6F8 /* BuildFromStyle.swift */,
				669EF9D82BED157A0071D6F8 /* DesignHomeView.swift */,
				669EF9DA2BED1EC10071D6F8 /* BuildFromRecipe.swift */,
			);
			path = Design;
			sourceTree = "<group>";
		};
		669EF9DD2BED1F4F0071D6F8 /* Recipes */ = {
			isa = PBXGroup;
			children = (
				669EF9DE2BED1F5E0071D6F8 /* RecipesView.swift */,
			);
			path = Recipes;
			sourceTree = "<group>";
		};
		669EF9E02BED1F780071D6F8 /* Explore */ = {
			isa = PBXGroup;
			children = (
				660B76E52C04FE1B00BAC19F /* ExploreDetailViews */,
				660B76DE2C04E8DC00BAC19F /* ExploreListViews */,
				669EF9E12BED1F880071D6F8 /* ExploreView.swift */,
			);
			path = Explore;
			sourceTree = "<group>";
		};
		669EF9E32BED1F9E0071D6F8 /* Settings */ = {
			isa = PBXGroup;
			children = (
				669EF9E42BED1FAD0071D6F8 /* SettingsView.swift */,
			);
			path = Settings;
			sourceTree = "<group>";
		};
		669EF9E62BED562C0071D6F8 /* Model */ = {
			isa = PBXGroup;
			children = (
				669EF9E72BED563C0071D6F8 /* Grain.swift */,
				669EF9E92BED56570071D6F8 /* Hop.swift */,
				669EF9EB2BED567B0071D6F8 /* Yeast.swift */,
				669EF9ED2BED56950071D6F8 /* Recipe.swift */,
				669EF9F52BED75710071D6F8 /* BeerStyle.swift */,
				662DB0152C067AD90089D80C /* User.swift */,
				662DB0192C08D40F0089D80C /* AppSettings.swift */,
				662DB01B2C08D4E80089D80C /* AppSettingsStore.swift */,
				662DB02A2C1382FF0089D80C /* MaltExtract.swift */,
			);
			path = Model;
			sourceTree = "<group>";
		};
		669EF9F22BED75220071D6F8 /* ViewModel */ = {
			isa = PBXGroup;
			children = (
				660B76DC2C04DA2400BAC19F /* ContentViewModel.swift */,
				662DB0132C067A980089D80C /* SettingsViewModel.swift */,
			);
			path = ViewModel;
			sourceTree = "<group>";
		};
/* End PBXGroup section */

/* Begin PBXNativeTarget section */
		669EF98A2BEAB1930071D6F8 /* craftbrew-designer-swiftui */ = {
			isa = PBXNativeTarget;
			buildConfigurationList = 669EF9AF2BEAB19E0071D6F8 /* Build configuration list for PBXNativeTarget "craftbrew-designer-swiftui" */;
			buildPhases = (
				669EF9872BEAB1930071D6F8 /* Sources */,
				669EF9882BEAB1930071D6F8 /* Frameworks */,
				669EF9892BEAB1930071D6F8 /* Resources */,
			);
			buildRules = (
			);
			dependencies = (
			);
			name = "craftbrew-designer-swiftui";
			productName = "craftbrew-designer-swiftui";
			productReference = 669EF98B2BEAB1930071D6F8 /* craftbrew-designer-swiftui.app */;
			productType = "com.apple.product-type.application";
		};
		669EF99A2BEAB19E0071D6F8 /* craftbrew-designer-swiftuiTests */ = {
			isa = PBXNativeTarget;
			buildConfigurationList = 669EF9B22BEAB19E0071D6F8 /* Build configuration list for PBXNativeTarget "craftbrew-designer-swiftuiTests" */;
			buildPhases = (
				669EF9972BEAB19E0071D6F8 /* Sources */,
				669EF9982BEAB19E0071D6F8 /* Frameworks */,
				669EF9992BEAB19E0071D6F8 /* Resources */,
			);
			buildRules = (
			);
			dependencies = (
				669EF99D2BEAB19E0071D6F8 /* PBXTargetDependency */,
			);
			name = "craftbrew-designer-swiftuiTests";
			productName = "craftbrew-designer-swiftuiTests";
			productReference = 669EF99B2BEAB19E0071D6F8 /* craftbrew-designer-swiftuiTests.xctest */;
			productType = "com.apple.product-type.bundle.unit-test";
		};
		669EF9A42BEAB19E0071D6F8 /* craftbrew-designer-swiftuiUITests */ = {
			isa = PBXNativeTarget;
			buildConfigurationList = 669EF9B52BEAB19E0071D6F8 /* Build configuration list for PBXNativeTarget "craftbrew-designer-swiftuiUITests" */;
			buildPhases = (
				669EF9A12BEAB19E0071D6F8 /* Sources */,
				669EF9A22BEAB19E0071D6F8 /* Frameworks */,
				669EF9A32BEAB19E0071D6F8 /* Resources */,
			);
			buildRules = (
			);
			dependencies = (
				669EF9A72BEAB19E0071D6F8 /* PBXTargetDependency */,
			);
			name = "craftbrew-designer-swiftuiUITests";
			productName = "craftbrew-designer-swiftuiUITests";
			productReference = 669EF9A52BEAB19E0071D6F8 /* craftbrew-designer-swiftuiUITests.xctest */;
			productType = "com.apple.product-type.bundle.ui-testing";
		};
/* End PBXNativeTarget section */

/* Begin PBXProject section */
		669EF9832BEAB1920071D6F8 /* Project object */ = {
			isa = PBXProject;
			attributes = {
				BuildIndependentTargetsInParallel = 1;
				LastSwiftUpdateCheck = 1320;
				LastUpgradeCheck = 1320;
				TargetAttributes = {
					669EF98A2BEAB1930071D6F8 = {
						CreatedOnToolsVersion = 13.2.1;
					};
					669EF99A2BEAB19E0071D6F8 = {
						CreatedOnToolsVersion = 13.2.1;
						TestTargetID = 669EF98A2BEAB1930071D6F8;
					};
					669EF9A42BEAB19E0071D6F8 = {
						CreatedOnToolsVersion = 13.2.1;
						TestTargetID = 669EF98A2BEAB1930071D6F8;
					};
				};
			};
			buildConfigurationList = 669EF9862BEAB1920071D6F8 /* Build configuration list for PBXProject "craftbrew-designer-swiftui" */;
			compatibilityVersion = "Xcode 13.0";
			developmentRegion = en;
			hasScannedForEncodings = 0;
			knownRegions = (
				en,
				Base,
			);
			mainGroup = 669EF9822BEAB1920071D6F8;
			productRefGroup = 669EF98C2BEAB1930071D6F8 /* Products */;
			projectDirPath = "";
			projectRoot = "";
			targets = (
				669EF98A2BEAB1930071D6F8 /* craftbrew-designer-swiftui */,
				669EF99A2BEAB19E0071D6F8 /* craftbrew-designer-swiftuiTests */,
				669EF9A42BEAB19E0071D6F8 /* craftbrew-designer-swiftuiUITests */,
			);
		};
/* End PBXProject section */

/* Begin PBXResourcesBuildPhase section */
		669EF9892BEAB1930071D6F8 /* Resources */ = {
			isa = PBXResourcesBuildPhase;
			buildActionMask = 2147483647;
			files = (
				669EF9962BEAB19D0071D6F8 /* Preview Assets.xcassets in Resources */,
				669EF9932BEAB19D0071D6F8 /* Assets.xcassets in Resources */,
			);
			runOnlyForDeploymentPostprocessing = 0;
		};
		669EF9992BEAB19E0071D6F8 /* Resources */ = {
			isa = PBXResourcesBuildPhase;
			buildActionMask = 2147483647;
			files = (
			);
			runOnlyForDeploymentPostprocessing = 0;
		};
		669EF9A32BEAB19E0071D6F8 /* Resources */ = {
			isa = PBXResourcesBuildPhase;
			buildActionMask = 2147483647;
			files = (
			);
			runOnlyForDeploymentPostprocessing = 0;
		};
/* End PBXResourcesBuildPhase section */

/* Begin PBXSourcesBuildPhase section */
		669EF9872BEAB1930071D6F8 /* Sources */ = {
			isa = PBXSourcesBuildPhase;
			buildActionMask = 2147483647;
			files = (
				669EF9D62BED11150071D6F8 /* BuildFromStyle.swift in Sources */,
				669EF9E82BED563C0071D6F8 /* Grain.swift in Sources */,
				662DB0212C091C610089D80C /* RecipeBitternessView.swift in Sources */,
				662DB0102C064EF90089D80C /* BeerStyleListView.swift in Sources */,
				669EF9DB2BED1EC10071D6F8 /* BuildFromRecipe.swift in Sources */,
				660B76EB2C0502B600BAC19F /* YeastDetailView.swift in Sources */,
				669EF9D92BED157A0071D6F8 /* DesignHomeView.swift in Sources */,
				660B76E92C05019F00BAC19F /* HopDetailView.swift in Sources */,
				662DB0182C08BE150089D80C /* SessionManager.swift in Sources */,
				669EF9C22BECFA2F0071D6F8 /* Abv.swift in Sources */,
				660B76ED2C0504E700BAC19F /* RecipeBuilderView.swift in Sources */,
				660B76E22C04EC0F00BAC19F /* HopsListView.swift in Sources */,
				669EF9912BEAB1930071D6F8 /* ContentView.swift in Sources */,
				660B76F42C0505B700BAC19F /* AddYeastView.swift in Sources */,
				662DB02B2C1382FF0089D80C /* MaltExtract.swift in Sources */,
				669EF98F2BEAB1930071D6F8 /* craftbrew_designer_swiftuiApp.swift in Sources */,
				662DB01A2C08D40F0089D80C /* AppSettings.swift in Sources */,
				669EF9E52BED1FAD0071D6F8 /* SettingsView.swift in Sources */,
				669EF9E22BED1F880071D6F8 /* ExploreView.swift in Sources */,
				660B76F02C05059000BAC19F /* AddGrainsView.swift in Sources */,
				669EF9B92BEABBC80071D6F8 /* DesignView.swift in Sources */,
				662DB0122C0651B60089D80C /* BeerStyleDetailView.swift in Sources */,
				662DB01F2C091B520089D80C /* RecipeColorView.swift in Sources */,
				669EF9EA2BED56570071D6F8 /* Hop.swift in Sources */,
				660B76E02C04E8EB00BAC19F /* GrainsListView.swift in Sources */,
				669EF9BE2BECF9B20071D6F8 /* Color.swift in Sources */,
				660B76E72C04FE6700BAC19F /* GrainDetailView.swift in Sources */,
				669EF9C92BED06010071D6F8 /* Bitterness.swift in Sources */,
				662DB0232C091CF90089D80C /* RecipeOriginalGravityView.swift in Sources */,
				669EF9DF2BED1F5E0071D6F8 /* RecipesView.swift in Sources */,
				662DB0162C067AD90089D80C /* User.swift in Sources */,
				669EF9EE2BED56950071D6F8 /* Recipe.swift in Sources */,
				660B76DD2C04DA2400BAC19F /* ContentViewModel.swift in Sources */,
				660B76E42C04FD4C00BAC19F /* YeastsListView.swift in Sources */,
				662DB01C2C08D4E80089D80C /* AppSettingsStore.swift in Sources */,
				669EF9F62BED75710071D6F8 /* BeerStyle.swift in Sources */,
				660B76F22C0505A600BAC19F /* AddHopsView.swift in Sources */,
				662DB0252C091D370089D80C /* RecipeFinalGravityView.swift in Sources */,
				669EF9EC2BED567B0071D6F8 /* Yeast.swift in Sources */,
				662DB0142C067A980089D80C /* SettingsViewModel.swift in Sources */,
				669EF9BB2BECF2C40071D6F8 /* SpecificGravity.swift in Sources */,
			);
			runOnlyForDeploymentPostprocessing = 0;
		};
		669EF9972BEAB19E0071D6F8 /* Sources */ = {
			isa = PBXSourcesBuildPhase;
			buildActionMask = 2147483647;
			files = (
				662DB0312C138C0D0089D80C /* ColorExtractTest.swift in Sources */,
				662DB02D2C138A590089D80C /* SpecificGravityExtractRecipeTests.swift in Sources */,
				669EF9A02BEAB19E0071D6F8 /* SpecificGravityTests.swift in Sources */,
				662DB0352C138C530089D80C /* BitternessExtractTest.swift in Sources */,
				662DB0332C138C370089D80C /* AbvExtractTest.swift in Sources */,
				669EF9D02BED08540071D6F8 /* AbvTests.swift in Sources */,
				669EF9D22BED08AD0071D6F8 /* BitternessTests.swift in Sources */,
				669EF9CD2BED07E20071D6F8 /* ColorTests.swift in Sources */,
				669EF9CB2BED07900071D6F8 /* Fixtures.swift in Sources */,
			);
			runOnlyForDeploymentPostprocessing = 0;
		};
		669EF9A12BEAB19E0071D6F8 /* Sources */ = {
			isa = PBXSourcesBuildPhase;
			buildActionMask = 2147483647;
			files = (
				669EF9AC2BEAB19E0071D6F8 /* craftbrew_designer_swiftuiUITestsLaunchTests.swift in Sources */,
				669EF9AA2BEAB19E0071D6F8 /* craftbrew_designer_swiftuiUITests.swift in Sources */,
			);
			runOnlyForDeploymentPostprocessing = 0;
		};
/* End PBXSourcesBuildPhase section */

/* Begin PBXTargetDependency section */
		669EF99D2BEAB19E0071D6F8 /* PBXTargetDependency */ = {
			isa = PBXTargetDependency;
			target = 669EF98A2BEAB1930071D6F8 /* craftbrew-designer-swiftui */;
			targetProxy = 669EF99C2BEAB19E0071D6F8 /* PBXContainerItemProxy */;
		};
		669EF9A72BEAB19E0071D6F8 /* PBXTargetDependency */ = {
			isa = PBXTargetDependency;
			target = 669EF98A2BEAB1930071D6F8 /* craftbrew-designer-swiftui */;
			targetProxy = 669EF9A62BEAB19E0071D6F8 /* PBXContainerItemProxy */;
		};
/* End PBXTargetDependency section */

/* Begin XCBuildConfiguration section */
		669EF9AD2BEAB19E0071D6F8 /* Debug */ = {
			isa = XCBuildConfiguration;
			buildSettings = {
				ALWAYS_SEARCH_USER_PATHS = NO;
				CLANG_ANALYZER_NONNULL = YES;
				CLANG_ANALYZER_NUMBER_OBJECT_CONVERSION = YES_AGGRESSIVE;
				CLANG_CXX_LANGUAGE_STANDARD = "gnu++17";
				CLANG_CXX_LIBRARY = "libc++";
				CLANG_ENABLE_MODULES = YES;
				CLANG_ENABLE_OBJC_ARC = YES;
				CLANG_ENABLE_OBJC_WEAK = YES;
				CLANG_WARN_BLOCK_CAPTURE_AUTORELEASING = YES;
				CLANG_WARN_BOOL_CONVERSION = YES;
				CLANG_WARN_COMMA = YES;
				CLANG_WARN_CONSTANT_CONVERSION = YES;
				CLANG_WARN_DEPRECATED_OBJC_IMPLEMENTATIONS = YES;
				CLANG_WARN_DIRECT_OBJC_ISA_USAGE = YES_ERROR;
				CLANG_WARN_DOCUMENTATION_COMMENTS = YES;
				CLANG_WARN_EMPTY_BODY = YES;
				CLANG_WARN_ENUM_CONVERSION = YES;
				CLANG_WARN_INFINITE_RECURSION = YES;
				CLANG_WARN_INT_CONVERSION = YES;
				CLANG_WARN_NON_LITERAL_NULL_CONVERSION = YES;
				CLANG_WARN_OBJC_IMPLICIT_RETAIN_SELF = YES;
				CLANG_WARN_OBJC_LITERAL_CONVERSION = YES;
				CLANG_WARN_OBJC_ROOT_CLASS = YES_ERROR;
				CLANG_WARN_QUOTED_INCLUDE_IN_FRAMEWORK_HEADER = YES;
				CLANG_WARN_RANGE_LOOP_ANALYSIS = YES;
				CLANG_WARN_STRICT_PROTOTYPES = YES;
				CLANG_WARN_SUSPICIOUS_MOVE = YES;
				CLANG_WARN_UNGUARDED_AVAILABILITY = YES_AGGRESSIVE;
				CLANG_WARN_UNREACHABLE_CODE = YES;
				CLANG_WARN__DUPLICATE_METHOD_MATCH = YES;
				COPY_PHASE_STRIP = NO;
				DEBUG_INFORMATION_FORMAT = dwarf;
				ENABLE_STRICT_OBJC_MSGSEND = YES;
				ENABLE_TESTABILITY = YES;
				GCC_C_LANGUAGE_STANDARD = gnu11;
				GCC_DYNAMIC_NO_PIC = NO;
				GCC_NO_COMMON_BLOCKS = YES;
				GCC_OPTIMIZATION_LEVEL = 0;
				GCC_PREPROCESSOR_DEFINITIONS = (
					"DEBUG=1",
					"$(inherited)",
				);
				GCC_WARN_64_TO_32_BIT_CONVERSION = YES;
				GCC_WARN_ABOUT_RETURN_TYPE = YES_ERROR;
				GCC_WARN_UNDECLARED_SELECTOR = YES;
				GCC_WARN_UNINITIALIZED_AUTOS = YES_AGGRESSIVE;
				GCC_WARN_UNUSED_FUNCTION = YES;
				GCC_WARN_UNUSED_VARIABLE = YES;
				IPHONEOS_DEPLOYMENT_TARGET = 15.2;
				MTL_ENABLE_DEBUG_INFO = INCLUDE_SOURCE;
				MTL_FAST_MATH = YES;
				ONLY_ACTIVE_ARCH = YES;
				SDKROOT = iphoneos;
				SWIFT_ACTIVE_COMPILATION_CONDITIONS = DEBUG;
				SWIFT_OPTIMIZATION_LEVEL = "-Onone";
			};
			name = Debug;
		};
		669EF9AE2BEAB19E0071D6F8 /* Release */ = {
			isa = XCBuildConfiguration;
			buildSettings = {
				ALWAYS_SEARCH_USER_PATHS = NO;
				CLANG_ANALYZER_NONNULL = YES;
				CLANG_ANALYZER_NUMBER_OBJECT_CONVERSION = YES_AGGRESSIVE;
				CLANG_CXX_LANGUAGE_STANDARD = "gnu++17";
				CLANG_CXX_LIBRARY = "libc++";
				CLANG_ENABLE_MODULES = YES;
				CLANG_ENABLE_OBJC_ARC = YES;
				CLANG_ENABLE_OBJC_WEAK = YES;
				CLANG_WARN_BLOCK_CAPTURE_AUTORELEASING = YES;
				CLANG_WARN_BOOL_CONVERSION = YES;
				CLANG_WARN_COMMA = YES;
				CLANG_WARN_CONSTANT_CONVERSION = YES;
				CLANG_WARN_DEPRECATED_OBJC_IMPLEMENTATIONS = YES;
				CLANG_WARN_DIRECT_OBJC_ISA_USAGE = YES_ERROR;
				CLANG_WARN_DOCUMENTATION_COMMENTS = YES;
				CLANG_WARN_EMPTY_BODY = YES;
				CLANG_WARN_ENUM_CONVERSION = YES;
				CLANG_WARN_INFINITE_RECURSION = YES;
				CLANG_WARN_INT_CONVERSION = YES;
				CLANG_WARN_NON_LITERAL_NULL_CONVERSION = YES;
				CLANG_WARN_OBJC_IMPLICIT_RETAIN_SELF = YES;
				CLANG_WARN_OBJC_LITERAL_CONVERSION = YES;
				CLANG_WARN_OBJC_ROOT_CLASS = YES_ERROR;
				CLANG_WARN_QUOTED_INCLUDE_IN_FRAMEWORK_HEADER = YES;
				CLANG_WARN_RANGE_LOOP_ANALYSIS = YES;
				CLANG_WARN_STRICT_PROTOTYPES = YES;
				CLANG_WARN_SUSPICIOUS_MOVE = YES;
				CLANG_WARN_UNGUARDED_AVAILABILITY = YES_AGGRESSIVE;
				CLANG_WARN_UNREACHABLE_CODE = YES;
				CLANG_WARN__DUPLICATE_METHOD_MATCH = YES;
				COPY_PHASE_STRIP = NO;
				DEBUG_INFORMATION_FORMAT = "dwarf-with-dsym";
				ENABLE_NS_ASSERTIONS = NO;
				ENABLE_STRICT_OBJC_MSGSEND = YES;
				GCC_C_LANGUAGE_STANDARD = gnu11;
				GCC_NO_COMMON_BLOCKS = YES;
				GCC_WARN_64_TO_32_BIT_CONVERSION = YES;
				GCC_WARN_ABOUT_RETURN_TYPE = YES_ERROR;
				GCC_WARN_UNDECLARED_SELECTOR = YES;
				GCC_WARN_UNINITIALIZED_AUTOS = YES_AGGRESSIVE;
				GCC_WARN_UNUSED_FUNCTION = YES;
				GCC_WARN_UNUSED_VARIABLE = YES;
				IPHONEOS_DEPLOYMENT_TARGET = 15.2;
				MTL_ENABLE_DEBUG_INFO = NO;
				MTL_FAST_MATH = YES;
				SDKROOT = iphoneos;
				SWIFT_COMPILATION_MODE = wholemodule;
				SWIFT_OPTIMIZATION_LEVEL = "-O";
				VALIDATE_PRODUCT = YES;
			};
			name = Release;
		};
		669EF9B02BEAB19E0071D6F8 /* Debug */ = {
			isa = XCBuildConfiguration;
			buildSettings = {
				ASSETCATALOG_COMPILER_APPICON_NAME = AppIcon;
				ASSETCATALOG_COMPILER_GLOBAL_ACCENT_COLOR_NAME = AccentColor;
				ASSETCATALOG_COMPILER_INCLUDE_ALL_APPICON_ASSETS = YES;
				CODE_SIGN_ENTITLEMENTS = "craftbrew-designer-swiftui/craftbrew-designer-swiftui.entitlements";
				CODE_SIGN_STYLE = Automatic;
				CURRENT_PROJECT_VERSION = 1;
				DEVELOPMENT_ASSET_PATHS = "\"craftbrew-designer-swiftui/Preview Content\"";
				DEVELOPMENT_TEAM = 5G9F3P7M4L;
				ENABLE_PREVIEWS = YES;
				GENERATE_INFOPLIST_FILE = YES;
				INFOPLIST_FILE = "craftbrew-designer-swiftui/Info.plist";
				INFOPLIST_KEY_CFBundleDisplayName = "Build a Beer";
				INFOPLIST_KEY_UIApplicationSceneManifest_Generation = YES;
				INFOPLIST_KEY_UIApplicationSupportsIndirectInputEvents = YES;
				INFOPLIST_KEY_UILaunchScreen_Generation = YES;
				INFOPLIST_KEY_UISupportedInterfaceOrientations = UIInterfaceOrientationPortrait;
				INFOPLIST_KEY_UISupportedInterfaceOrientations_iPad = "UIInterfaceOrientationLandscapeLeft UIInterfaceOrientationLandscapeRight UIInterfaceOrientationPortrait";
				IPHONEOS_DEPLOYMENT_TARGET = 17.0;
				LD_RUNPATH_SEARCH_PATHS = (
					"$(inherited)",
					"@executable_path/Frameworks",
				);
				MARKETING_VERSION = 1.1.1;
				PRODUCT_BUNDLE_IDENTIFIER = app.buildabeer.buildabeer;
				PRODUCT_NAME = "$(TARGET_NAME)";
				SUPPORTED_PLATFORMS = "iphoneos iphonesimulator";
				SUPPORTS_MACCATALYST = NO;
				SUPPORTS_XR_DESIGNED_FOR_IPHONE_IPAD = NO;
				SWIFT_EMIT_LOC_STRINGS = YES;
				SWIFT_VERSION = 5.0;
				TARGETED_DEVICE_FAMILY = 1;
			};
			name = Debug;
		};
		669EF9B12BEAB19E0071D6F8 /* Release */ = {
			isa = XCBuildConfiguration;
			buildSettings = {
				ASSETCATALOG_COMPILER_APPICON_NAME = AppIcon;
				ASSETCATALOG_COMPILER_GLOBAL_ACCENT_COLOR_NAME = AccentColor;
				ASSETCATALOG_COMPILER_INCLUDE_ALL_APPICON_ASSETS = YES;
				CODE_SIGN_ENTITLEMENTS = "craftbrew-designer-swiftui/craftbrew-designer-swiftui.entitlements";
				CODE_SIGN_STYLE = Automatic;
				CURRENT_PROJECT_VERSION = 1;
				DEVELOPMENT_ASSET_PATHS = "\"craftbrew-designer-swiftui/Preview Content\"";
				DEVELOPMENT_TEAM = 5G9F3P7M4L;
				ENABLE_PREVIEWS = YES;
				GENERATE_INFOPLIST_FILE = YES;
				INFOPLIST_FILE = "craftbrew-designer-swiftui/Info.plist";
				INFOPLIST_KEY_CFBundleDisplayName = "Build a Beer";
				INFOPLIST_KEY_UIApplicationSceneManifest_Generation = YES;
				INFOPLIST_KEY_UIApplicationSupportsIndirectInputEvents = YES;
				INFOPLIST_KEY_UILaunchScreen_Generation = YES;
				INFOPLIST_KEY_UISupportedInterfaceOrientations = UIInterfaceOrientationPortrait;
				INFOPLIST_KEY_UISupportedInterfaceOrientations_iPad = "UIInterfaceOrientationLandscapeLeft UIInterfaceOrientationLandscapeRight UIInterfaceOrientationPortrait";
				IPHONEOS_DEPLOYMENT_TARGET = 17.0;
				LD_RUNPATH_SEARCH_PATHS = (
					"$(inherited)",
					"@executable_path/Frameworks",
				);
				MARKETING_VERSION = 1.1.1;
				PRODUCT_BUNDLE_IDENTIFIER = app.buildabeer.buildabeer;
				PRODUCT_NAME = "$(TARGET_NAME)";
				SUPPORTED_PLATFORMS = "iphoneos iphonesimulator";
				SUPPORTS_MACCATALYST = NO;
				SUPPORTS_XR_DESIGNED_FOR_IPHONE_IPAD = NO;
				SWIFT_EMIT_LOC_STRINGS = YES;
				SWIFT_VERSION = 5.0;
				TARGETED_DEVICE_FAMILY = 1;
			};
			name = Release;
		};
		669EF9B32BEAB19E0071D6F8 /* Debug */ = {
			isa = XCBuildConfiguration;
			buildSettings = {
				ALWAYS_EMBED_SWIFT_STANDARD_LIBRARIES = YES;
				BUNDLE_LOADER = "$(TEST_HOST)";
				CODE_SIGN_STYLE = Automatic;
				CURRENT_PROJECT_VERSION = 1;
				DEVELOPMENT_TEAM = 5G9F3P7M4L;
				GENERATE_INFOPLIST_FILE = YES;
				IPHONEOS_DEPLOYMENT_TARGET = 17.0;
				MARKETING_VERSION = 1.0;
				PRODUCT_BUNDLE_IDENTIFIER = "com.davevanfleet.craftbrew-designer-swiftuiTests";
				PRODUCT_NAME = "$(TARGET_NAME)";
				SWIFT_EMIT_LOC_STRINGS = NO;
				SWIFT_VERSION = 5.0;
				TARGETED_DEVICE_FAMILY = "1,2";
				TEST_HOST = "$(BUILT_PRODUCTS_DIR)/craftbrew-designer-swiftui.app/craftbrew-designer-swiftui";
			};
			name = Debug;
		};
		669EF9B42BEAB19E0071D6F8 /* Release */ = {
			isa = XCBuildConfiguration;
			buildSettings = {
				ALWAYS_EMBED_SWIFT_STANDARD_LIBRARIES = YES;
				BUNDLE_LOADER = "$(TEST_HOST)";
				CODE_SIGN_STYLE = Automatic;
				CURRENT_PROJECT_VERSION = 1;
				DEVELOPMENT_TEAM = 5G9F3P7M4L;
				GENERATE_INFOPLIST_FILE = YES;
				IPHONEOS_DEPLOYMENT_TARGET = 17.0;
				MARKETING_VERSION = 1.0;
				PRODUCT_BUNDLE_IDENTIFIER = "com.davevanfleet.craftbrew-designer-swiftuiTests";
				PRODUCT_NAME = "$(TARGET_NAME)";
				SWIFT_EMIT_LOC_STRINGS = NO;
				SWIFT_VERSION = 5.0;
				TARGETED_DEVICE_FAMILY = "1,2";
				TEST_HOST = "$(BUILT_PRODUCTS_DIR)/craftbrew-designer-swiftui.app/craftbrew-designer-swiftui";
			};
			name = Release;
		};
		669EF9B62BEAB19E0071D6F8 /* Debug */ = {
			isa = XCBuildConfiguration;
			buildSettings = {
				ALWAYS_EMBED_SWIFT_STANDARD_LIBRARIES = YES;
				CODE_SIGN_STYLE = Automatic;
				CURRENT_PROJECT_VERSION = 1;
				DEVELOPMENT_TEAM = 5G9F3P7M4L;
				GENERATE_INFOPLIST_FILE = YES;
				IPHONEOS_DEPLOYMENT_TARGET = 17.0;
				MARKETING_VERSION = 1.0;
				PRODUCT_BUNDLE_IDENTIFIER = "com.davevanfleet.craftbrew-designer-swiftuiUITests";
				PRODUCT_NAME = "$(TARGET_NAME)";
				SWIFT_EMIT_LOC_STRINGS = NO;
				SWIFT_VERSION = 5.0;
				TARGETED_DEVICE_FAMILY = "1,2";
				TEST_TARGET_NAME = "craftbrew-designer-swiftui";
			};
			name = Debug;
		};
		669EF9B72BEAB19E0071D6F8 /* Release */ = {
			isa = XCBuildConfiguration;
			buildSettings = {
				ALWAYS_EMBED_SWIFT_STANDARD_LIBRARIES = YES;
				CODE_SIGN_STYLE = Automatic;
				CURRENT_PROJECT_VERSION = 1;
				DEVELOPMENT_TEAM = 5G9F3P7M4L;
				GENERATE_INFOPLIST_FILE = YES;
				IPHONEOS_DEPLOYMENT_TARGET = 17.0;
				MARKETING_VERSION = 1.0;
				PRODUCT_BUNDLE_IDENTIFIER = "com.davevanfleet.craftbrew-designer-swiftuiUITests";
				PRODUCT_NAME = "$(TARGET_NAME)";
				SWIFT_EMIT_LOC_STRINGS = NO;
				SWIFT_VERSION = 5.0;
				TARGETED_DEVICE_FAMILY = "1,2";
				TEST_TARGET_NAME = "craftbrew-designer-swiftui";
			};
			name = Release;
		};
/* End XCBuildConfiguration section */

/* Begin XCConfigurationList section */
		669EF9862BEAB1920071D6F8 /* Build configuration list for PBXProject "craftbrew-designer-swiftui" */ = {
			isa = XCConfigurationList;
			buildConfigurations = (
				669EF9AD2BEAB19E0071D6F8 /* Debug */,
				669EF9AE2BEAB19E0071D6F8 /* Release */,
			);
			defaultConfigurationIsVisible = 0;
			defaultConfigurationName = Release;
		};
		669EF9AF2BEAB19E0071D6F8 /* Build configuration list for PBXNativeTarget "craftbrew-designer-swiftui" */ = {
			isa = XCConfigurationList;
			buildConfigurations = (
				669EF9B02BEAB19E0071D6F8 /* Debug */,
				669EF9B12BEAB19E0071D6F8 /* Release */,
			);
			defaultConfigurationIsVisible = 0;
			defaultConfigurationName = Release;
		};
		669EF9B22BEAB19E0071D6F8 /* Build configuration list for PBXNativeTarget "craftbrew-designer-swiftuiTests" */ = {
			isa = XCConfigurationList;
			buildConfigurations = (
				669EF9B32BEAB19E0071D6F8 /* Debug */,
				669EF9B42BEAB19E0071D6F8 /* Release */,
			);
			defaultConfigurationIsVisible = 0;
			defaultConfigurationName = Release;
		};
		669EF9B52BEAB19E0071D6F8 /* Build configuration list for PBXNativeTarget "craftbrew-designer-swiftuiUITests" */ = {
			isa = XCConfigurationList;
			buildConfigurations = (
				669EF9B62BEAB19E0071D6F8 /* Debug */,
				669EF9B72BEAB19E0071D6F8 /* Release */,
			);
			defaultConfigurationIsVisible = 0;
			defaultConfigurationName = Release;
		};
/* End XCConfigurationList section */
	};
	rootObject = 669EF9832BEAB1920071D6F8 /* Project object */;
}
